// !$*UTF8*$!
{
	archiveVersion = 1;
	classes = {
	};
	objectVersion = 50;
	objects = {

/* Begin PBXBuildFile section */
		F539C38725A6A68300768828 /* AppDelegate.m in Sources */ = {isa = PBXBuildFile; fileRef = F539C38625A6A68300768828 /* AppDelegate.m */; };
		F539C38A25A6A68300768828 /* SceneDelegate.m in Sources */ = {isa = PBXBuildFile; fileRef = F539C38925A6A68300768828 /* SceneDelegate.m */; };
		F539C38D25A6A68300768828 /* ViewController.m in Sources */ = {isa = PBXBuildFile; fileRef = F539C38C25A6A68300768828 /* ViewController.m */; };
		F539C39025A6A68300768828 /* Main.storyboard in Resources */ = {isa = PBXBuildFile; fileRef = F539C38E25A6A68300768828 /* Main.storyboard */; };
		F539C39225A6A68500768828 /* Assets.xcassets in Resources */ = {isa = PBXBuildFile; fileRef = F539C39125A6A68500768828 /* Assets.xcassets */; };
		F539C39525A6A68500768828 /* LaunchScreen.storyboard in Resources */ = {isa = PBXBuildFile; fileRef = F539C39325A6A68500768828 /* LaunchScreen.storyboard */; };
		F539C39825A6A68500768828 /* main.m in Sources */ = {isa = PBXBuildFile; fileRef = F539C39725A6A68500768828 /* main.m */; };
		F539C3C625A6DCB300768828 /* EvernoteTestVC.m in Sources */ = {isa = PBXBuildFile; fileRef = F539C3BF25A6DCB300768828 /* EvernoteTestVC.m */; };
		F539C3C725A6DCB300768828 /* EvernoteTestSwiftVC.swift in Sources */ = {isa = PBXBuildFile; fileRef = F539C3C025A6DCB300768828 /* EvernoteTestSwiftVC.swift */; };
		F539C3C825A6DCB300768828 /* CloudTalk.m in Sources */ = {isa = PBXBuildFile; fileRef = F539C3C125A6DCB300768828 /* CloudTalk.m */; };
		F539C3C925A6DCB300768828 /* PrivateTest.m in Sources */ = {isa = PBXBuildFile; fileRef = F539C3C325A6DCB300768828 /* PrivateTest.m */; };
		F539C3CA25A6DCB300768828 /* PrivateTestSwiftVC.swift in Sources */ = {isa = PBXBuildFile; fileRef = F539C3C525A6DCB300768828 /* PrivateTestSwiftVC.swift */; };
/* End PBXBuildFile section */

/* Begin PBXFileReference section */
		F539C38225A6A68300768828 /* OCXHCloudTalk.app */ = {isa = PBXFileReference; explicitFileType = wrapper.application; includeInIndex = 0; path = OCXHCloudTalk.app; sourceTree = BUILT_PRODUCTS_DIR; };
		F539C38525A6A68300768828 /* AppDelegate.h */ = {isa = PBXFileReference; lastKnownFileType = sourcecode.c.h; path = AppDelegate.h; sourceTree = "<group>"; };
		F539C38625A6A68300768828 /* AppDelegate.m */ = {isa = PBXFileReference; lastKnownFileType = sourcecode.c.objc; path = AppDelegate.m; sourceTree = "<group>"; };
		F539C38825A6A68300768828 /* SceneDelegate.h */ = {isa = PBXFileReference; lastKnownFileType = sourcecode.c.h; path = SceneDelegate.h; sourceTree = "<group>"; };
		F539C38925A6A68300768828 /* SceneDelegate.m */ = {isa = PBXFileReference; lastKnownFileType = sourcecode.c.objc; path = SceneDelegate.m; sourceTree = "<group>"; };
		F539C38B25A6A68300768828 /* ViewController.h */ = {isa = PBXFileReference; lastKnownFileType = sourcecode.c.h; path = ViewController.h; sourceTree = "<group>"; };
		F539C38C25A6A68300768828 /* ViewController.m */ = {isa = PBXFileReference; lastKnownFileType = sourcecode.c.objc; path = ViewController.m; sourceTree = "<group>"; };
		F539C38F25A6A68300768828 /* Base */ = {isa = PBXFileReference; lastKnownFileType = file.storyboard; name = Base; path = Base.lproj/Main.storyboard; sourceTree = "<group>"; };
		F539C39125A6A68500768828 /* Assets.xcassets */ = {isa = PBXFileReference; lastKnownFileType = folder.assetcatalog; path = Assets.xcassets; sourceTree = "<group>"; };
		F539C39425A6A68500768828 /* Base */ = {isa = PBXFileReference; lastKnownFileType = file.storyboard; name = Base; path = Base.lproj/LaunchScreen.storyboard; sourceTree = "<group>"; };
		F539C39625A6A68500768828 /* Info.plist */ = {isa = PBXFileReference; lastKnownFileType = text.plist.xml; path = Info.plist; sourceTree = "<group>"; };
		F539C39725A6A68500768828 /* main.m */ = {isa = PBXFileReference; lastKnownFileType = sourcecode.c.objc; path = main.m; sourceTree = "<group>"; };
		F539C3BC25A6DCB300768828 /* CloudTalk.h */ = {isa = PBXFileReference; fileEncoding = 4; lastKnownFileType = sourcecode.c.h; path = CloudTalk.h; sourceTree = "<group>"; };
		F539C3BE25A6DCB300768828 /* EvernoteTestVC.h */ = {isa = PBXFileReference; fileEncoding = 4; lastKnownFileType = sourcecode.c.h; path = EvernoteTestVC.h; sourceTree = "<group>"; };
		F539C3BF25A6DCB300768828 /* EvernoteTestVC.m */ = {isa = PBXFileReference; fileEncoding = 4; lastKnownFileType = sourcecode.c.objc; path = EvernoteTestVC.m; sourceTree = "<group>"; };
		F539C3C025A6DCB300768828 /* EvernoteTestSwiftVC.swift */ = {isa = PBXFileReference; fileEncoding = 4; lastKnownFileType = sourcecode.swift; path = EvernoteTestSwiftVC.swift; sourceTree = "<group>"; };
		F539C3C125A6DCB300768828 /* CloudTalk.m */ = {isa = PBXFileReference; fileEncoding = 4; lastKnownFileType = sourcecode.c.objc; path = CloudTalk.m; sourceTree = "<group>"; };
		F539C3C325A6DCB300768828 /* PrivateTest.m */ = {isa = PBXFileReference; fileEncoding = 4; lastKnownFileType = sourcecode.c.objc; path = PrivateTest.m; sourceTree = "<group>"; };
		F539C3C425A6DCB300768828 /* PrivateTest.h */ = {isa = PBXFileReference; fileEncoding = 4; lastKnownFileType = sourcecode.c.h; path = PrivateTest.h; sourceTree = "<group>"; };
		F539C3C525A6DCB300768828 /* PrivateTestSwiftVC.swift */ = {isa = PBXFileReference; fileEncoding = 4; lastKnownFileType = sourcecode.swift; path = PrivateTestSwiftVC.swift; sourceTree = "<group>"; };
/* End PBXFileReference section */

/* Begin PBXFrameworksBuildPhase section */
		F539C37F25A6A68300768828 /* Frameworks */ = {
			isa = PBXFrameworksBuildPhase;
			buildActionMask = 2147483647;
			files = (
			);
			runOnlyForDeploymentPostprocessing = 0;
		};
/* End PBXFrameworksBuildPhase section */

/* Begin PBXGroup section */
		F539C37925A6A68300768828 = {
			isa = PBXGroup;
			children = (
				F539C38425A6A68300768828 /* OCXHCloudTalk */,
				F539C38325A6A68300768828 /* Products */,
			);
			sourceTree = "<group>";
		};
		F539C38325A6A68300768828 /* Products */ = {
			isa = PBXGroup;
			children = (
				F539C38225A6A68300768828 /* OCXHCloudTalk.app */,
			);
			name = Products;
			sourceTree = "<group>";
		};
		F539C38425A6A68300768828 /* OCXHCloudTalk */ = {
			isa = PBXGroup;
			children = (
				F539C3BC25A6DCB300768828 /* CloudTalk.h */,
				F539C3C125A6DCB300768828 /* CloudTalk.m */,
				F539C3BD25A6DCB300768828 /* Core */,
				F539C3C225A6DCB300768828 /* Private */,
				F539C38525A6A68300768828 /* AppDelegate.h */,
				F539C38625A6A68300768828 /* AppDelegate.m */,
				F539C38825A6A68300768828 /* SceneDelegate.h */,
				F539C38925A6A68300768828 /* SceneDelegate.m */,
				F539C38B25A6A68300768828 /* ViewController.h */,
				F539C38C25A6A68300768828 /* ViewController.m */,
				F539C38E25A6A68300768828 /* Main.storyboard */,
				F539C39125A6A68500768828 /* Assets.xcassets */,
				F539C39325A6A68500768828 /* LaunchScreen.storyboard */,
				F539C39625A6A68500768828 /* Info.plist */,
				F539C39725A6A68500768828 /* main.m */,
			);
			path = OCXHCloudTalk;
			sourceTree = "<group>";
		};
		F539C3BD25A6DCB300768828 /* Core */ = {
			isa = PBXGroup;
			children = (
				F539C3BE25A6DCB300768828 /* EvernoteTestVC.h */,
				F539C3BF25A6DCB300768828 /* EvernoteTestVC.m */,
				F539C3C025A6DCB300768828 /* EvernoteTestSwiftVC.swift */,
			);
			path = Core;
			sourceTree = "<group>";
		};
		F539C3C225A6DCB300768828 /* Private */ = {
			isa = PBXGroup;
			children = (
				F539C3C325A6DCB300768828 /* PrivateTest.m */,
				F539C3C425A6DCB300768828 /* PrivateTest.h */,
				F539C3C525A6DCB300768828 /* PrivateTestSwiftVC.swift */,
			);
			path = Private;
			sourceTree = "<group>";
		};
/* End PBXGroup section */

/* Begin PBXNativeTarget section */
		F539C38125A6A68300768828 /* OCXHCloudTalk */ = {
			isa = PBXNativeTarget;
			buildConfigurationList = F539C39B25A6A68500768828 /* Build configuration list for PBXNativeTarget "OCXHCloudTalk" */;
			buildPhases = (
				F539C37E25A6A68300768828 /* Sources */,
				F539C37F25A6A68300768828 /* Frameworks */,
				F539C38025A6A68300768828 /* Resources */,
			);
			buildRules = (
			);
			dependencies = (
			);
			name = OCXHCloudTalk;
			productName = OCXHCloudTalk;
			productReference = F539C38225A6A68300768828 /* OCXHCloudTalk.app */;
			productType = "com.apple.product-type.application";
		};
/* End PBXNativeTarget section */

/* Begin PBXProject section */
		F539C37A25A6A68300768828 /* Project object */ = {
			isa = PBXProject;
			attributes = {
				LastUpgradeCheck = 1230;
				TargetAttributes = {
					F539C38125A6A68300768828 = {
						CreatedOnToolsVersion = 12.3;
					};
				};
			};
			buildConfigurationList = F539C37D25A6A68300768828 /* Build configuration list for PBXProject "OCXHCloudTalk" */;
			compatibilityVersion = "Xcode 9.3";
			developmentRegion = en;
			hasScannedForEncodings = 0;
			knownRegions = (
				en,
				Base,
			);
			mainGroup = F539C37925A6A68300768828;
			productRefGroup = F539C38325A6A68300768828 /* Products */;
			projectDirPath = "";
			projectRoot = "";
			targets = (
				F539C38125A6A68300768828 /* OCXHCloudTalk */,
			);
		};
/* End PBXProject section */

/* Begin PBXResourcesBuildPhase section */
		F539C38025A6A68300768828 /* Resources */ = {
			isa = PBXResourcesBuildPhase;
			buildActionMask = 2147483647;
			files = (
				F539C39525A6A68500768828 /* LaunchScreen.storyboard in Resources */,
				F539C39225A6A68500768828 /* Assets.xcassets in Resources */,
				F539C39025A6A68300768828 /* Main.storyboard in Resources */,
			);
			runOnlyForDeploymentPostprocessing = 0;
		};
/* End PBXResourcesBuildPhase section */

/* Begin PBXSourcesBuildPhase section */
		F539C37E25A6A68300768828 /* Sources */ = {
			isa = PBXSourcesBuildPhase;
			buildActionMask = 2147483647;
			files = (
				F539C3C625A6DCB300768828 /* EvernoteTestVC.m in Sources */,
				F539C38D25A6A68300768828 /* ViewController.m in Sources */,
				F539C38725A6A68300768828 /* AppDelegate.m in Sources */,
				F539C3C925A6DCB300768828 /* PrivateTest.m in Sources */,
				F539C39825A6A68500768828 /* main.m in Sources */,
				F539C3C725A6DCB300768828 /* EvernoteTestSwiftVC.swift in Sources */,
				F539C3CA25A6DCB300768828 /* PrivateTestSwiftVC.swift in Sources */,
				F539C38A25A6A68300768828 /* SceneDelegate.m in Sources */,
				F539C3C825A6DCB300768828 /* CloudTalk.m in Sources */,
			);
			runOnlyForDeploymentPostprocessing = 0;
		};
/* End PBXSourcesBuildPhase section */

/* Begin PBXVariantGroup section */
		F539C38E25A6A68300768828 /* Main.storyboard */ = {
			isa = PBXVariantGroup;
			children = (
				F539C38F25A6A68300768828 /* Base */,
			);
			name = Main.storyboard;
			sourceTree = "<group>";
		};
		F539C39325A6A68500768828 /* LaunchScreen.storyboard */ = {
			isa = PBXVariantGroup;
			children = (
				F539C39425A6A68500768828 /* Base */,
			);
			name = LaunchScreen.storyboard;
			sourceTree = "<group>";
		};
/* End PBXVariantGroup section */

/* Begin XCBuildConfiguration section */
		F539C39925A6A68500768828 /* Debug */ = {
			isa = XCBuildConfiguration;
			buildSettings = {
				ALWAYS_SEARCH_USER_PATHS = NO;
				CLANG_ANALYZER_NONNULL = YES;
				CLANG_ANALYZER_NUMBER_OBJECT_CONVERSION = YES_AGGRESSIVE;
				CLANG_CXX_LANGUAGE_STANDARD = "gnu++14";
				CLANG_CXX_LIBRARY = "libc++";
				CLANG_ENABLE_MODULES = YES;
				CLANG_ENABLE_OBJC_ARC = YES;
				CLANG_ENABLE_OBJC_WEAK = YES;
				CLANG_WARN_BLOCK_CAPTURE_AUTORELEASING = YES;
				CLANG_WARN_BOOL_CONVERSION = YES;
				CLANG_WARN_COMMA = YES;
				CLANG_WARN_CONSTANT_CONVERSION = YES;
				CLANG_WARN_DEPRECATED_OBJC_IMPLEMENTATIONS = YES;
				CLANG_WARN_DIRECT_OBJC_ISA_USAGE = YES_ERROR;
				CLANG_WARN_DOCUMENTATION_COMMENTS = YES;
				CLANG_WARN_EMPTY_BODY = YES;
				CLANG_WARN_ENUM_CONVERSION = YES;
				CLANG_WARN_INFINITE_RECURSION = YES;
				CLANG_WARN_INT_CONVERSION = YES;
				CLANG_WARN_NON_LITERAL_NULL_CONVERSION = YES;
				CLANG_WARN_OBJC_IMPLICIT_RETAIN_SELF = YES;
				CLANG_WARN_OBJC_LITERAL_CONVERSION = YES;
				CLANG_WARN_OBJC_ROOT_CLASS = YES_ERROR;
				CLANG_WARN_QUOTED_INCLUDE_IN_FRAMEWORK_HEADER = YES;
				CLANG_WARN_RANGE_LOOP_ANALYSIS = YES;
				CLANG_WARN_STRICT_PROTOTYPES = YES;
				CLANG_WARN_SUSPICIOUS_MOVE = YES;
				CLANG_WARN_UNGUARDED_AVAILABILITY = YES_AGGRESSIVE;
				CLANG_WARN_UNREACHABLE_CODE = YES;
				CLANG_WARN__DUPLICATE_METHOD_MATCH = YES;
				COPY_PHASE_STRIP = NO;
				DEBUG_INFORMATION_FORMAT = dwarf;
				ENABLE_STRICT_OBJC_MSGSEND = YES;
				ENABLE_TESTABILITY = YES;
				GCC_C_LANGUAGE_STANDARD = gnu11;
				GCC_DYNAMIC_NO_PIC = NO;
				GCC_NO_COMMON_BLOCKS = YES;
				GCC_OPTIMIZATION_LEVEL = 0;
				GCC_PREPROCESSOR_DEFINITIONS = (
					"DEBUG=1",
					"$(inherited)",
				);
				GCC_WARN_64_TO_32_BIT_CONVERSION = YES;
				GCC_WARN_ABOUT_RETURN_TYPE = YES_ERROR;
				GCC_WARN_UNDECLARED_SELECTOR = YES;
				GCC_WARN_UNINITIALIZED_AUTOS = YES_AGGRESSIVE;
				GCC_WARN_UNUSED_FUNCTION = YES;
				GCC_WARN_UNUSED_VARIABLE = YES;
				IPHONEOS_DEPLOYMENT_TARGET = 14.3;
				MTL_ENABLE_DEBUG_INFO = INCLUDE_SOURCE;
				MTL_FAST_MATH = YES;
				ONLY_ACTIVE_ARCH = YES;
				SDKROOT = iphoneos;
			};
			name = Debug;
		};
		F539C39A25A6A68500768828 /* Release */ = {
			isa = XCBuildConfiguration;
			buildSettings = {
				ALWAYS_SEARCH_USER_PATHS = NO;
				CLANG_ANALYZER_NONNULL = YES;
				CLANG_ANALYZER_NUMBER_OBJECT_CONVERSION = YES_AGGRESSIVE;
				CLANG_CXX_LANGUAGE_STANDARD = "gnu++14";
				CLANG_CXX_LIBRARY = "libc++";
				CLANG_ENABLE_MODULES = YES;
				CLANG_ENABLE_OBJC_ARC = YES;
				CLANG_ENABLE_OBJC_WEAK = YES;
				CLANG_WARN_BLOCK_CAPTURE_AUTORELEASING = YES;
				CLANG_WARN_BOOL_CONVERSION = YES;
				CLANG_WARN_COMMA = YES;
				CLANG_WARN_CONSTANT_CONVERSION = YES;
				CLANG_WARN_DEPRECATED_OBJC_IMPLEMENTATIONS = YES;
				CLANG_WARN_DIRECT_OBJC_ISA_USAGE = YES_ERROR;
				CLANG_WARN_DOCUMENTATION_COMMENTS = YES;
				CLANG_WARN_EMPTY_BODY = YES;
				CLANG_WARN_ENUM_CONVERSION = YES;
				CLANG_WARN_INFINITE_RECURSION = YES;
				CLANG_WARN_INT_CONVERSION = YES;
				CLANG_WARN_NON_LITERAL_NULL_CONVERSION = YES;
				CLANG_WARN_OBJC_IMPLICIT_RETAIN_SELF = YES;
				CLANG_WARN_OBJC_LITERAL_CONVERSION = YES;
				CLANG_WARN_OBJC_ROOT_CLASS = YES_ERROR;
				CLANG_WARN_QUOTED_INCLUDE_IN_FRAMEWORK_HEADER = YES;
				CLANG_WARN_RANGE_LOOP_ANALYSIS = YES;
				CLANG_WARN_STRICT_PROTOTYPES = YES;
				CLANG_WARN_SUSPICIOUS_MOVE = YES;
				CLANG_WARN_UNGUARDED_AVAILABILITY = YES_AGGRESSIVE;
				CLANG_WARN_UNREACHABLE_CODE = YES;
				CLANG_WARN__DUPLICATE_METHOD_MATCH = YES;
				COPY_PHASE_STRIP = NO;
				DEBUG_INFORMATION_FORMAT = "dwarf-with-dsym";
				ENABLE_NS_ASSERTIONS = NO;
				ENABLE_STRICT_OBJC_MSGSEND = YES;
				GCC_C_LANGUAGE_STANDARD = gnu11;
				GCC_NO_COMMON_BLOCKS = YES;
				GCC_WARN_64_TO_32_BIT_CONVERSION = YES;
				GCC_WARN_ABOUT_RETURN_TYPE = YES_ERROR;
				GCC_WARN_UNDECLARED_SELECTOR = YES;
				GCC_WARN_UNINITIALIZED_AUTOS = YES_AGGRESSIVE;
				GCC_WARN_UNUSED_FUNCTION = YES;
				GCC_WARN_UNUSED_VARIABLE = YES;
				IPHONEOS_DEPLOYMENT_TARGET = 14.3;
				MTL_ENABLE_DEBUG_INFO = NO;
				MTL_FAST_MATH = YES;
				SDKROOT = iphoneos;
				VALIDATE_PRODUCT = YES;
			};
			name = Release;
		};
		F539C39C25A6A68500768828 /* Debug */ = {
			isa = XCBuildConfiguration;
			buildSettings = {
				ASSETCATALOG_COMPILER_APPICON_NAME = AppIcon;
				ASSETCATALOG_COMPILER_GLOBAL_ACCENT_COLOR_NAME = AccentColor;
				CODE_SIGN_STYLE = Automatic;
				DEVELOPMENT_TEAM = F365L3VZ9S;
				INFOPLIST_FILE = OCXHCloudTalk/Info.plist;
				LD_RUNPATH_SEARCH_PATHS = (
					"$(inherited)",
					"@executable_path/Frameworks",
				);
				MARKETING_VERSION = 1.0.1;
				PRODUCT_BUNDLE_IDENTIFIER = com.xinghaiwulian.OCXHCloudTalk.OCXHCloudTalk;
				PRODUCT_NAME = "$(TARGET_NAME)";
				SWIFT_VERSION = 5.0;
				TARGETED_DEVICE_FAMILY = "1,2";
			};
			name = Debug;
		};
		F539C39D25A6A68500768828 /* Release */ = {
			isa = XCBuildConfiguration;
			buildSettings = {
				ASSETCATALOG_COMPILER_APPICON_NAME = AppIcon;
				ASSETCATALOG_COMPILER_GLOBAL_ACCENT_COLOR_NAME = AccentColor;
				CODE_SIGN_STYLE = Automatic;
				DEVELOPMENT_TEAM = F365L3VZ9S;
				INFOPLIST_FILE = OCXHCloudTalk/Info.plist;
				LD_RUNPATH_SEARCH_PATHS = (
					"$(inherited)",
					"@executable_path/Frameworks",
				);
				MARKETING_VERSION = 1.0.1;
				PRODUCT_BUNDLE_IDENTIFIER = com.xinghaiwulian.OCXHCloudTalk.OCXHCloudTalk;
				PRODUCT_NAME = "$(TARGET_NAME)";
				SWIFT_VERSION = 5.0;
				TARGETED_DEVICE_FAMILY = "1,2";
			};
			name = Release;
		};
/* End XCBuildConfiguration section */

/* Begin XCConfigurationList section */
		F539C37D25A6A68300768828 /* Build configuration list for PBXProject "OCXHCloudTalk" */ = {
			isa = XCConfigurationList;
			buildConfigurations = (
				F539C39925A6A68500768828 /* Debug */,
				F539C39A25A6A68500768828 /* Release */,
			);
			defaultConfigurationIsVisible = 0;
			defaultConfigurationName = Release;
		};
		F539C39B25A6A68500768828 /* Build configuration list for PBXNativeTarget "OCXHCloudTalk" */ = {
			isa = XCConfigurationList;
			buildConfigurations = (
				F539C39C25A6A68500768828 /* Debug */,
				F539C39D25A6A68500768828 /* Release */,
			);
			defaultConfigurationIsVisible = 0;
			defaultConfigurationName = Release;
		};
/* End XCConfigurationList section */
	};
	rootObject = F539C37A25A6A68300768828 /* Project object */;
}
